
Microsoft Visual Studio Solution File, Format Version 12.00
# Visual Studio Version 16
VisualStudioVersion = 16.0.29613.14
MinimumVisualStudioVersion = 10.0.40219.1
Project("{FAE04EC0-301F-11D3-BF4B-00C04F79EFBC}") = "QuarantineHub", "QuarantineHub\QuarantineHub.csproj", "{2A47BEAB-C773-4A25-BB09-DE85D1220259}"
EndProject
Global
	GlobalSection(SolutionConfigurationPlatforms) = preSolution
		Debug|Any CPU = Debug|Any CPU
		Release|Any CPU = Release|Any CPU
	EndGlobalSection
	GlobalSection(ProjectConfigurationPlatforms) = postSolution
		{2A47BEAB-C773-4A25-BB09-DE85D1220259}.Debug|Any CPU.ActiveCfg = Debug|Any CPU
		{2A47BEAB-C773-4A25-BB09-DE85D1220259}.Debug|Any CPU.Build.0 = Debug|Any CPU
		{2A47BEAB-C773-4A25-BB09-DE85D1220259}.Release|Any CPU.ActiveCfg = Release|Any CPU
		{2A47BEAB-C773-4A25-BB09-DE85D1220259}.Release|Any CPU.Build.0 = Release|Any CPU
	EndGlobalSection
	GlobalSection(SolutionProperties) = preSolution
		HideSolutionNode = FALSE
	EndGlobalSection
	GlobalSection(ExtensibilityGlobals) = postSolution
		SolutionGuid = {F0AE813C-DF86-413D-94D5-1B6F90BB1B26}
	EndGlobalSection
EndGlobal
