
Microsoft Visual Studio Solution File, Format Version 12.00
# Visual Studio Version 16
VisualStudioVersion = 16.0.29728.190
MinimumVisualStudioVersion = 10.0.40219.1
Project("{9A19103F-16F7-4668-BE54-9A1E7A4F7556}") = "QuarantineHub", "QuarantineHub\QuarantineHub.csproj", "{EAD0D1F5-283D-4104-ABEC-6362B6928761}"
EndProject
Project("{9A19103F-16F7-4668-BE54-9A1E7A4F7556}") = "QuarantineHubBLL", "QuarantineHubBLL\QuarantineHubBLL.csproj", "{DA22A196-5C4A-44CC-9FE8-03530885BC52}"
EndProject
Project("{9A19103F-16F7-4668-BE54-9A1E7A4F7556}") = "QuarantineHubDAL", "QuarantineHubDAL\QuarantineHubDAL.csproj", "{8E846B0C-EE65-45E5-BEAF-D5409015548C}"
EndProject
Project("{FAE04EC0-301F-11D3-BF4B-00C04F79EFBC}") = "CovidSharp", "CovidSharp\CovidSharp.csproj", "{EDEB82C5-233A-49C1-86AF-1EB48FA1732F}"
EndProject
Global
	GlobalSection(SolutionConfigurationPlatforms) = preSolution
		Debug|Any CPU = Debug|Any CPU
		Release|Any CPU = Release|Any CPU
	EndGlobalSection
	GlobalSection(ProjectConfigurationPlatforms) = postSolution
		{EAD0D1F5-283D-4104-ABEC-6362B6928761}.Debug|Any CPU.ActiveCfg = Debug|Any CPU
		{EAD0D1F5-283D-4104-ABEC-6362B6928761}.Debug|Any CPU.Build.0 = Debug|Any CPU
		{EAD0D1F5-283D-4104-ABEC-6362B6928761}.Release|Any CPU.ActiveCfg = Release|Any CPU
		{EAD0D1F5-283D-4104-ABEC-6362B6928761}.Release|Any CPU.Build.0 = Release|Any CPU
		{DA22A196-5C4A-44CC-9FE8-03530885BC52}.Debug|Any CPU.ActiveCfg = Debug|Any CPU
		{DA22A196-5C4A-44CC-9FE8-03530885BC52}.Debug|Any CPU.Build.0 = Debug|Any CPU
		{DA22A196-5C4A-44CC-9FE8-03530885BC52}.Release|Any CPU.ActiveCfg = Release|Any CPU
		{DA22A196-5C4A-44CC-9FE8-03530885BC52}.Release|Any CPU.Build.0 = Release|Any CPU
		{8E846B0C-EE65-45E5-BEAF-D5409015548C}.Debug|Any CPU.ActiveCfg = Debug|Any CPU
		{8E846B0C-EE65-45E5-BEAF-D5409015548C}.Debug|Any CPU.Build.0 = Debug|Any CPU
		{8E846B0C-EE65-45E5-BEAF-D5409015548C}.Release|Any CPU.ActiveCfg = Release|Any CPU
		{8E846B0C-EE65-45E5-BEAF-D5409015548C}.Release|Any CPU.Build.0 = Release|Any CPU
		{EDEB82C5-233A-49C1-86AF-1EB48FA1732F}.Debug|Any CPU.ActiveCfg = Debug|Any CPU
		{EDEB82C5-233A-49C1-86AF-1EB48FA1732F}.Debug|Any CPU.Build.0 = Debug|Any CPU
		{EDEB82C5-233A-49C1-86AF-1EB48FA1732F}.Release|Any CPU.ActiveCfg = Release|Any CPU
		{EDEB82C5-233A-49C1-86AF-1EB48FA1732F}.Release|Any CPU.Build.0 = Release|Any CPU
	EndGlobalSection
	GlobalSection(SolutionProperties) = preSolution
		HideSolutionNode = FALSE
	EndGlobalSection
	GlobalSection(ExtensibilityGlobals) = postSolution
		SolutionGuid = {BA1DE651-124C-4324-8063-4FFE762A8553}
	EndGlobalSection
EndGlobal
